# @generated by Move, please check-in and do not edit manually.

[move]
version = 3
manifest_digest = "10923BEDC549DB9C3F6C795719E48C829BB565165A4E0076C6AD6731084B52D5"
deps_digest = "F8BBB0CCB2491CA29A3DF03D6F92277A4F3574266507ACD77214D37ECA3F3082"
dependencies = [
  { id = "Sui", name = "Sui" },
]

[[move.package]]
id = "MoveStdlib"
source = { git = "https://github.com/MystenLabs/sui.git", rev = "framework/testnet", subdir = "crates/sui-framework/packages/move-stdlib" }

[[move.package]]
id = "Sui"
source = { git = "https://github.com/MystenLabs/sui.git", rev = "framework/testnet", subdir = "crates/sui-framework/packages/sui-framework" }

dependencies = [
  { id = "MoveStdlib", name = "MoveStdlib" },
]

[move.toolchain-version]
compiler-version = "1.41.0"
edition = "2024.beta"
flavor = "sui"

[env]

[env.local]
chain-id = "dcd7ae9e"
original-published-id = "0xa0f48c15fc6fd98fc6d7f05279b9369f043bb347fee8a0cc7c620a0218b0f49e"
latest-published-id = "0xa0f48c15fc6fd98fc6d7f05279b9369f043bb347fee8a0cc7c620a0218b0f49e"
published-version = "1"
